
Microsoft Visual Studio Solution File, Format Version 12.00
# Visual Studio Version 16
VisualStudioVersion = 16.0.29306.81
MinimumVisualStudioVersion = 10.0.40219.1
Project("{9A19103F-16F7-4668-BE54-9A1E7A4F7556}") = "DAL", "DAL\DAL.csproj", "{15E8F415-D5E5-4AA5-9863-E82CA8D5A8B3}"
EndProject
Project("{9A19103F-16F7-4668-BE54-9A1E7A4F7556}") = "ConsoleApp", "ConsoleApp\ConsoleApp.csproj", "{5FFD2189-3305-44A8-891F-A99882C173C1}"
EndProject
Project("{9A19103F-16F7-4668-BE54-9A1E7A4F7556}") = "TradingCompanyForms", "TradingCompanyForms\TradingCompanyForms.csproj", "{2EB2866D-2E97-49B5-9DF2-B4123813BEDB}"
EndProject
Project("{9A19103F-16F7-4668-BE54-9A1E7A4F7556}") = "BLL", "BLL\BLL.csproj", "{9427B2D6-2690-46E6-ABF5-06048CA4BB77}"
EndProject
Project("{9A19103F-16F7-4668-BE54-9A1E7A4F7556}") = "DTO", "DTO\DTO.csproj", "{4D39F610-2A79-4EF1-A0BC-505282A94233}"
EndProject
Project("{9A19103F-16F7-4668-BE54-9A1E7A4F7556}") = "TradingCompanyXUnitTests", "TradingCompanyXUnitTests\TradingCompanyXUnitTests.csproj", "{202BA2D3-A50A-4CD7-B36F-9DE06C2C89AA}"
EndProject
Project("{FAE04EC0-301F-11D3-BF4B-00C04F79EFBC}") = "TradingCompanyWPF", "TradingCompanyWPF\TradingCompanyWPF.csproj", "{844EE5C2-5F1F-4CCE-8ACB-5389AEC4389F}"
EndProject
Global
	GlobalSection(SolutionConfigurationPlatforms) = preSolution
		Debug|Any CPU = Debug|Any CPU
		Release|Any CPU = Release|Any CPU
	EndGlobalSection
	GlobalSection(ProjectConfigurationPlatforms) = postSolution
		{15E8F415-D5E5-4AA5-9863-E82CA8D5A8B3}.Debug|Any CPU.ActiveCfg = Debug|Any CPU
		{15E8F415-D5E5-4AA5-9863-E82CA8D5A8B3}.Debug|Any CPU.Build.0 = Debug|Any CPU
		{15E8F415-D5E5-4AA5-9863-E82CA8D5A8B3}.Release|Any CPU.ActiveCfg = Release|Any CPU
		{15E8F415-D5E5-4AA5-9863-E82CA8D5A8B3}.Release|Any CPU.Build.0 = Release|Any CPU
		{5FFD2189-3305-44A8-891F-A99882C173C1}.Debug|Any CPU.ActiveCfg = Debug|Any CPU
		{5FFD2189-3305-44A8-891F-A99882C173C1}.Debug|Any CPU.Build.0 = Debug|Any CPU
		{5FFD2189-3305-44A8-891F-A99882C173C1}.Release|Any CPU.ActiveCfg = Release|Any CPU
		{5FFD2189-3305-44A8-891F-A99882C173C1}.Release|Any CPU.Build.0 = Release|Any CPU
		{2EB2866D-2E97-49B5-9DF2-B4123813BEDB}.Debug|Any CPU.ActiveCfg = Debug|Any CPU
		{2EB2866D-2E97-49B5-9DF2-B4123813BEDB}.Debug|Any CPU.Build.0 = Debug|Any CPU
		{2EB2866D-2E97-49B5-9DF2-B4123813BEDB}.Release|Any CPU.ActiveCfg = Release|Any CPU
		{2EB2866D-2E97-49B5-9DF2-B4123813BEDB}.Release|Any CPU.Build.0 = Release|Any CPU
		{9427B2D6-2690-46E6-ABF5-06048CA4BB77}.Debug|Any CPU.ActiveCfg = Debug|Any CPU
		{9427B2D6-2690-46E6-ABF5-06048CA4BB77}.Debug|Any CPU.Build.0 = Debug|Any CPU
		{9427B2D6-2690-46E6-ABF5-06048CA4BB77}.Release|Any CPU.ActiveCfg = Release|Any CPU
		{9427B2D6-2690-46E6-ABF5-06048CA4BB77}.Release|Any CPU.Build.0 = Release|Any CPU
		{4D39F610-2A79-4EF1-A0BC-505282A94233}.Debug|Any CPU.ActiveCfg = Debug|Any CPU
		{4D39F610-2A79-4EF1-A0BC-505282A94233}.Debug|Any CPU.Build.0 = Debug|Any CPU
		{4D39F610-2A79-4EF1-A0BC-505282A94233}.Release|Any CPU.ActiveCfg = Release|Any CPU
		{4D39F610-2A79-4EF1-A0BC-505282A94233}.Release|Any CPU.Build.0 = Release|Any CPU
		{202BA2D3-A50A-4CD7-B36F-9DE06C2C89AA}.Debug|Any CPU.ActiveCfg = Debug|Any CPU
		{202BA2D3-A50A-4CD7-B36F-9DE06C2C89AA}.Debug|Any CPU.Build.0 = Debug|Any CPU
		{202BA2D3-A50A-4CD7-B36F-9DE06C2C89AA}.Release|Any CPU.ActiveCfg = Release|Any CPU
		{202BA2D3-A50A-4CD7-B36F-9DE06C2C89AA}.Release|Any CPU.Build.0 = Release|Any CPU
		{844EE5C2-5F1F-4CCE-8ACB-5389AEC4389F}.Debug|Any CPU.ActiveCfg = Debug|Any CPU
		{844EE5C2-5F1F-4CCE-8ACB-5389AEC4389F}.Debug|Any CPU.Build.0 = Debug|Any CPU
		{844EE5C2-5F1F-4CCE-8ACB-5389AEC4389F}.Release|Any CPU.ActiveCfg = Release|Any CPU
		{844EE5C2-5F1F-4CCE-8ACB-5389AEC4389F}.Release|Any CPU.Build.0 = Release|Any CPU
	EndGlobalSection
	GlobalSection(SolutionProperties) = preSolution
		HideSolutionNode = FALSE
	EndGlobalSection
	GlobalSection(ExtensibilityGlobals) = postSolution
		SolutionGuid = {AA033488-4107-4693-BCEB-3886431504D6}
	EndGlobalSection
EndGlobal
